{"1.2.0",
[{<<"certifi">>,{pkg,<<"certifi">>,<<"2.8.0">>},3},
 {<<"combine">>,{pkg,<<"combine">>,<<"0.10.0">>},1},
 {<<"gettext">>,{pkg,<<"gettext">>,<<"0.18.2">>},0},
 {<<"hackney">>,{pkg,<<"hackney">>,<<"1.18.0">>},2},
 {<<"hex_core">>,{pkg,<<"hex_core">>,<<"0.2.1">>},0},
 {<<"idna">>,{pkg,<<"idna">>,<<"6.1.1">>},3},
 {<<"metrics">>,{pkg,<<"metrics">>,<<"1.0.1">>},3},
 {<<"mimerl">>,{pkg,<<"mimerl">>,<<"1.2.0">>},3},
 {<<"parse_trans">>,{pkg,<<"parse_trans">>,<<"3.3.1">>},3},
 {<<"ssl_verify_fun">>,{pkg,<<"ssl_verify_fun">>,<<"1.1.6">>},3},
 {<<"sweet_xml">>,{pkg,<<"sweet_xml">>,<<"0.6.6">>},0},
 {<<"timex">>,{pkg,<<"timex">>,<<"3.7.3">>},0},
 {<<"tzdata">>,{pkg,<<"tzdata">>,<<"1.1.1">>},1},
 {<<"unicode_util_compat">>,{pkg,<<"unicode_util_compat">>,<<"0.7.0">>},3}]}.
[
{pkg_hash,[
 {<<"certifi">>, <<"D4FB0A6BB20B7C9C3643E22507E42F356AC090A1DCEA9AB99E27E0376D695EBA">>},
 {<<"combine">>, <<"EFF8224EEB56498A2AF13011D142C5E7997A80C8F5B97C499F84C841032E429F">>},
 {<<"gettext">>, <<"7DF3EA191BB56C0309C00A783334B288D08A879F53A7014341284635850A6E55">>},
 {<<"hackney">>, <<"C4443D960BB9FBA6D01161D01CD81173089686717D9490E5D3606644C48D121F">>},
 {<<"hex_core">>, <<"AC4A05DF753A728866A5BC0A11CB9719684C2DCD1837CE96392061B01CC69258">>},
 {<<"idna">>, <<"8A63070E9F7D0C62EB9D9FCB360A7DE382448200FBBD1B106CC96D3D8099DF8D">>},
 {<<"metrics">>, <<"25F094DEA2CDA98213CECC3AEFF09E940299D950904393B2A29D191C346A8486">>},
 {<<"mimerl">>, <<"67E2D3F571088D5CFD3E550C383094B47159F3EEE8FFA08E64106CDF5E981BE3">>},
 {<<"parse_trans">>, <<"16328AB840CC09919BD10DAB29E431DA3AF9E9E7E7E6F0089DD5A2D2820011D8">>},
 {<<"ssl_verify_fun">>, <<"CF344F5692C82D2CD7554F5EC8FD961548D4FD09E7D22F5B62482E5AEAEBD4B0">>},
 {<<"sweet_xml">>, <<"FC3E91EC5DD7C787B6195757FBCF0ABC670CEE1E4172687B45183032221B66B8">>},
 {<<"timex">>, <<"DF8A2EA814749D700D6878AB9EACAC9FDB498ECEE2F507CB0002EC172BC24D0F">>},
 {<<"tzdata">>, <<"20C8043476DFDA8504952D00ADAC41C6EDA23912278ADD38EDC140AE0C5BCC46">>},
 {<<"unicode_util_compat">>, <<"BC84380C9AB48177092F43AC89E4DFA2C6D62B40B8BD132B1059ECC7232F9A78">>}]},
{pkg_hash_ext,[
 {<<"certifi">>, <<"6AC7EFC1C6F8600B08D625292D4BBF584E14847CE1B6B5C44D983D273E1097EA">>},
 {<<"combine">>, <<"1B1DBC1790073076580D0D1D64E42EAE2366583E7AECD455D1215B0D16F2451B">>},
 {<<"gettext">>, <<"F9F537B13D4FDD30F3039D33CB80144C3AA1F8D9698E47D7BCBCC8DF93B1F5C5">>},
 {<<"hackney">>, <<"9AFCDA620704D720DB8C6A3123E9848D09C87586DC1C10479C42627B905B5C5E">>},
 {<<"hex_core">>, <<"FFCC280B51D109AD9E3E59C735ACB99AA87F05BAB2CB2A902A3013BBFDD5B811">>},
 {<<"idna">>, <<"92376EB7894412ED19AC475E4A86F7B413C1B9FBB5BD16DCCD57934157944CEA">>},
 {<<"metrics">>, <<"69B09ADDDC4F74A40716AE54D140F93BEB0FB8978D8636EADED0C31B6F099F16">>},
 {<<"mimerl">>, <<"F278585650AA581986264638EBF698F8BB19DF297F66AD91B18910DFC6E19323">>},
 {<<"parse_trans">>, <<"07CD9577885F56362D414E8C4C4E6BDF10D43A8767ABB92D24CBE8B24C54888B">>},
 {<<"ssl_verify_fun">>, <<"BDB0D2471F453C88FF3908E7686F86F9BE327D065CC1EC16FA4540197EA04680">>},
 {<<"sweet_xml">>, <<"2E1EC458F892FFA81F9F8386E3F35A1AF6DB7A7A37748A64478F13163A1F3573">>},
 {<<"timex">>, <<"8691C1D86CA3A7BC14A156E2199DC8927BE95D1A8F0E3B69E4BB2D6262C53AC6">>},
 {<<"tzdata">>, <<"A69CEC8352EAFCD2E198DEA28A34113B60FDC6CB57EB5AD65C10292A6BA89787">>},
 {<<"unicode_util_compat">>, <<"25EEE6D67DF61960CF6A794239566599B09E17E668D3700247BC498638152521">>}]}
].
